# This file is generated by running "yarn install" inside your project.
# Manual changes might be lost - proceed with caution!

__metadata:
  version: 8
  cacheKey: 10c0

"amqplib@npm:^0.10.9":
  version: 0.10.9
  resolution: "amqplib@npm:0.10.9"
  dependencies:
    buffer-more-ints: "npm:~1.0.0"
    url-parse: "npm:~1.5.10"
  checksum: 10c0/d241efba1e38cf158c36a0fe40fc1c5424f3abf1a2d2e7d4494cb308e1800bd42ddba02cc119b47a7f4f37ef1874dfa5a9dca294e5d84443727228244e62af62
  languageName: node
  linkType: hard

"buffer-more-ints@npm:~1.0.0":
  version: 1.0.0
  resolution: "buffer-more-ints@npm:1.0.0"
  checksum: 10c0/992b4e372e2550fd92296937ddfb8e67bb6af2664a63eb46492a1fbc05447755c5d8ba23a0311b2b1193ce23349eada76e8da4af49d75872fc40a5913557665b
  languageName: node
  linkType: hard

"producer@workspace:.":
  version: 0.0.0-use.local
  resolution: "producer@workspace:."
  dependencies:
    amqplib: "npm:^0.10.9"
  languageName: unknown
  linkType: soft

"querystringify@npm:^2.1.1":
  version: 2.2.0
  resolution: "querystringify@npm:2.2.0"
  checksum: 10c0/3258bc3dbdf322ff2663619afe5947c7926a6ef5fb78ad7d384602974c467fadfc8272af44f5eb8cddd0d011aae8fabf3a929a8eee4b86edcc0a21e6bd10f9aa
  languageName: node
  linkType: hard

"requires-port@npm:^1.0.0":
  version: 1.0.0
  resolution: "requires-port@npm:1.0.0"
  checksum: 10c0/b2bfdd09db16c082c4326e573a82c0771daaf7b53b9ce8ad60ea46aa6e30aaf475fe9b164800b89f93b748d2c234d8abff945d2551ba47bf5698e04cd7713267
  languageName: node
  linkType: hard

"url-parse@npm:~1.5.10":
  version: 1.5.10
  resolution: "url-parse@npm:1.5.10"
  dependencies:
    querystringify: "npm:^2.1.1"
    requires-port: "npm:^1.0.0"
  checksum: 10c0/bd5aa9389f896974beb851c112f63b466505a04b4807cea2e5a3b7092f6fbb75316f0491ea84e44f66fed55f1b440df5195d7e3a8203f64fcefa19d182f5be87
  languageName: node
  linkType: hard
